// !$*UTF8*$!
{
	archiveVersion = 1;
	classes = {
	};
	objectVersion = 54;
	objects = {

/* Begin PBXBuildFile section */
		038014F01E1A125700C031BF /* AppDelegate.swift in Sources */ = {isa = PBXBuildFile; fileRef = 038014EF1E1A125700C031BF /* AppDelegate.swift */; };
		038014F21E1A125700C031BF /* ViewController.swift in Sources */ = {isa = PBXBuildFile; fileRef = 038014F11E1A125700C031BF /* ViewController.swift */; };
		038014F51E1A125700C031BF /* Main.storyboard in Resources */ = {isa = PBXBuildFile; fileRef = 038014F31E1A125700C031BF /* Main.storyboard */; };
		038014F81E1A125700C031BF /* KPLocationPicker.xcdatamodeld in Sources */ = {isa = PBXBuildFile; fileRef = 038014F61E1A125700C031BF /* KPLocationPicker.xcdatamodeld */; };
		038014FA1E1A125700C031BF /* Assets.xcassets in Resources */ = {isa = PBXBuildFile; fileRef = 038014F91E1A125700C031BF /* Assets.xcassets */; };
		038014FD1E1A125700C031BF /* LaunchScreen.storyboard in Resources */ = {isa = PBXBuildFile; fileRef = 038014FB1E1A125700C031BF /* LaunchScreen.storyboard */; };
		0380150A1E1A569C00C031BF /* YZMapVC.swift in Sources */ = {isa = PBXBuildFile; fileRef = 038015091E1A569C00C031BF /* YZMapVC.swift */; };
		0380150C1E1A56AF00C031BF /* YZSearchLocationVC.swift in Sources */ = {isa = PBXBuildFile; fileRef = 0380150B1E1A56AF00C031BF /* YZSearchLocationVC.swift */; };
		0380150E1E1A56C300C031BF /* KPLocation.storyboard in Resources */ = {isa = PBXBuildFile; fileRef = 0380150D1E1A56C300C031BF /* KPLocation.storyboard */; };
		038015131E1A57AE00C031BF /* YZAPICalls.swift in Sources */ = {isa = PBXBuildFile; fileRef = 038015101E1A57AE00C031BF /* YZAPICalls.swift */; };
		038015161E1A5B0300C031BF /* UserLocation.swift in Sources */ = {isa = PBXBuildFile; fileRef = 038015151E1A5B0300C031BF /* UserLocation.swift */; };
		0380151A1E1A756D00C031BF /* KPLocation.xcassets in Resources */ = {isa = PBXBuildFile; fileRef = 038015191E1A756D00C031BF /* KPLocation.xcassets */; };
		038CB2471E1B73A400E9C350 /* YZConstant.swift in Sources */ = {isa = PBXBuildFile; fileRef = 038CB2461E1B73A400E9C350 /* YZConstant.swift */; };
/* End PBXBuildFile section */

/* Begin PBXFileReference section */
		038014EC1E1A125700C031BF /* KPLocationPicker.app */ = {isa = PBXFileReference; explicitFileType = wrapper.application; includeInIndex = 0; path = KPLocationPicker.app; sourceTree = BUILT_PRODUCTS_DIR; };
		038014EF1E1A125700C031BF /* AppDelegate.swift */ = {isa = PBXFileReference; lastKnownFileType = sourcecode.swift; path = AppDelegate.swift; sourceTree = "<group>"; };
		038014F11E1A125700C031BF /* ViewController.swift */ = {isa = PBXFileReference; lastKnownFileType = sourcecode.swift; path = ViewController.swift; sourceTree = "<group>"; };
		038014F41E1A125700C031BF /* Base */ = {isa = PBXFileReference; lastKnownFileType = file.storyboard; name = Base; path = Base.lproj/Main.storyboard; sourceTree = "<group>"; };
		038014F71E1A125700C031BF /* KPLocationPicker.xcdatamodel */ = {isa = PBXFileReference; lastKnownFileType = wrapper.xcdatamodel; path = KPLocationPicker.xcdatamodel; sourceTree = "<group>"; };
		038014F91E1A125700C031BF /* Assets.xcassets */ = {isa = PBXFileReference; lastKnownFileType = folder.assetcatalog; path = Assets.xcassets; sourceTree = "<group>"; };
		038014FC1E1A125700C031BF /* Base */ = {isa = PBXFileReference; lastKnownFileType = file.storyboard; name = Base; path = Base.lproj/LaunchScreen.storyboard; sourceTree = "<group>"; };
		038014FE1E1A125700C031BF /* Info.plist */ = {isa = PBXFileReference; lastKnownFileType = text.plist.xml; path = Info.plist; sourceTree = "<group>"; };
		038015091E1A569C00C031BF /* YZMapVC.swift */ = {isa = PBXFileReference; fileEncoding = 4; lastKnownFileType = sourcecode.swift; name = YZMapVC.swift; path = KPLocationPicker/YZMapVC.swift; sourceTree = "<group>"; };
		0380150B1E1A56AF00C031BF /* YZSearchLocationVC.swift */ = {isa = PBXFileReference; fileEncoding = 4; lastKnownFileType = sourcecode.swift; name = YZSearchLocationVC.swift; path = KPLocationPicker/YZSearchLocationVC.swift; sourceTree = "<group>"; };
		0380150D1E1A56C300C031BF /* KPLocation.storyboard */ = {isa = PBXFileReference; fileEncoding = 4; lastKnownFileType = file.storyboard; name = KPLocation.storyboard; path = KPLocationPicker/KPLocation.storyboard; sourceTree = "<group>"; };
		038015101E1A57AE00C031BF /* YZAPICalls.swift */ = {isa = PBXFileReference; fileEncoding = 4; lastKnownFileType = sourcecode.swift; name = YZAPICalls.swift; path = KPLocationPicker/YZAPICalls.swift; sourceTree = "<group>"; };
		038015151E1A5B0300C031BF /* UserLocation.swift */ = {isa = PBXFileReference; fileEncoding = 4; lastKnownFileType = sourcecode.swift; name = UserLocation.swift; path = KPLocationPicker/UserLocation.swift; sourceTree = "<group>"; };
		038015191E1A756D00C031BF /* KPLocation.xcassets */ = {isa = PBXFileReference; lastKnownFileType = folder.assetcatalog; name = KPLocation.xcassets; path = KPLocationPicker/KPLocation.xcassets; sourceTree = "<group>"; };
		038CB2461E1B73A400E9C350 /* YZConstant.swift */ = {isa = PBXFileReference; fileEncoding = 4; lastKnownFileType = sourcecode.swift; name = YZConstant.swift; path = KPLocationPicker/YZConstant.swift; sourceTree = "<group>"; };
/* End PBXFileReference section */

/* Begin PBXFrameworksBuildPhase section */
		038014E91E1A125700C031BF /* Frameworks */ = {
			isa = PBXFrameworksBuildPhase;
			buildActionMask = 2147483647;
			files = (
			);
			runOnlyForDeploymentPostprocessing = 0;
		};
/* End PBXFrameworksBuildPhase section */

/* Begin PBXGroup section */
		038014E31E1A125700C031BF = {
			isa = PBXGroup;
			children = (
				038014EE1E1A125700C031BF /* KPLocationPicker */,
				038014ED1E1A125700C031BF /* Products */,
			);
			sourceTree = "<group>";
		};
		038014ED1E1A125700C031BF /* Products */ = {
			isa = PBXGroup;
			children = (
				038014EC1E1A125700C031BF /* KPLocationPicker.app */,
			);
			name = Products;
			sourceTree = "<group>";
		};
		038014EE1E1A125700C031BF /* KPLocationPicker */ = {
			isa = PBXGroup;
			children = (
				038015081E1A566300C031BF /* KPLocationPicker */,
				038014EF1E1A125700C031BF /* AppDelegate.swift */,
				038014F11E1A125700C031BF /* ViewController.swift */,
				038014F31E1A125700C031BF /* Main.storyboard */,
				038014F91E1A125700C031BF /* Assets.xcassets */,
				038014FB1E1A125700C031BF /* LaunchScreen.storyboard */,
				038014FE1E1A125700C031BF /* Info.plist */,
				038014F61E1A125700C031BF /* KPLocationPicker.xcdatamodeld */,
			);
			path = KPLocationPicker;
			sourceTree = "<group>";
		};
		038015081E1A566300C031BF /* KPLocationPicker */ = {
			isa = PBXGroup;
			children = (
				0380150D1E1A56C300C031BF /* KPLocation.storyboard */,
				038015191E1A756D00C031BF /* KPLocation.xcassets */,
				038CB2461E1B73A400E9C350 /* YZConstant.swift */,
				038015151E1A5B0300C031BF /* UserLocation.swift */,
				038015101E1A57AE00C031BF /* YZAPICalls.swift */,
				038015091E1A569C00C031BF /* YZMapVC.swift */,
				0380150B1E1A56AF00C031BF /* YZSearchLocationVC.swift */,
			);
			name = KPLocationPicker;
			sourceTree = "<group>";
		};
/* End PBXGroup section */

/* Begin PBXNativeTarget section */
		038014EB1E1A125700C031BF /* KPLocationPicker */ = {
			isa = PBXNativeTarget;
			buildConfigurationList = 038015011E1A125700C031BF /* Build configuration list for PBXNativeTarget "KPLocationPicker" */;
			buildPhases = (
				038014E81E1A125700C031BF /* Sources */,
				038014E91E1A125700C031BF /* Frameworks */,
				038014EA1E1A125700C031BF /* Resources */,
			);
			buildRules = (
			);
			dependencies = (
			);
			name = KPLocationPicker;
			productName = KPLocationPicker;
			productReference = 038014EC1E1A125700C031BF /* KPLocationPicker.app */;
			productType = "com.apple.product-type.application";
		};
/* End PBXNativeTarget section */

/* Begin PBXProject section */
		038014E41E1A125700C031BF /* Project object */ = {
			isa = PBXProject;
			attributes = {
				BuildIndependentTargetsInParallel = YES;
				LastSwiftUpdateCheck = 0820;
				LastUpgradeCheck = 1500;
				ORGANIZATIONNAME = Yudiz;
				TargetAttributes = {
					038014EB1E1A125700C031BF = {
						CreatedOnToolsVersion = 8.2;
						DevelopmentTeam = 5GL3E4GW7P;
						ProvisioningStyle = Manual;
					};
				};
			};
			buildConfigurationList = 038014E71E1A125700C031BF /* Build configuration list for PBXProject "KPLocationPicker" */;
			compatibilityVersion = "Xcode 3.2";
			developmentRegion = en;
			hasScannedForEncodings = 0;
			knownRegions = (
				en,
				Base,
			);
			mainGroup = 038014E31E1A125700C031BF;
			productRefGroup = 038014ED1E1A125700C031BF /* Products */;
			projectDirPath = "";
			projectRoot = "";
			targets = (
				038014EB1E1A125700C031BF /* KPLocationPicker */,
			);
		};
/* End PBXProject section */

/* Begin PBXResourcesBuildPhase section */
		038014EA1E1A125700C031BF /* Resources */ = {
			isa = PBXResourcesBuildPhase;
			buildActionMask = 2147483647;
			files = (
				0380150E1E1A56C300C031BF /* KPLocation.storyboard in Resources */,
				038014FD1E1A125700C031BF /* LaunchScreen.storyboard in Resources */,
				038014FA1E1A125700C031BF /* Assets.xcassets in Resources */,
				0380151A1E1A756D00C031BF /* KPLocation.xcassets in Resources */,
				038014F51E1A125700C031BF /* Main.storyboard in Resources */,
			);
			runOnlyForDeploymentPostprocessing = 0;
		};
/* End PBXResourcesBuildPhase section */

/* Begin PBXSourcesBuildPhase section */
		038014E81E1A125700C031BF /* Sources */ = {
			isa = PBXSourcesBuildPhase;
			buildActionMask = 2147483647;
			files = (
				038CB2471E1B73A400E9C350 /* YZConstant.swift in Sources */,
				038014F21E1A125700C031BF /* ViewController.swift in Sources */,
				038014F81E1A125700C031BF /* KPLocationPicker.xcdatamodeld in Sources */,
				0380150A1E1A569C00C031BF /* YZMapVC.swift in Sources */,
				0380150C1E1A56AF00C031BF /* YZSearchLocationVC.swift in Sources */,
				038014F01E1A125700C031BF /* AppDelegate.swift in Sources */,
				038015161E1A5B0300C031BF /* UserLocation.swift in Sources */,
				038015131E1A57AE00C031BF /* YZAPICalls.swift in Sources */,
			);
			runOnlyForDeploymentPostprocessing = 0;
		};
/* End PBXSourcesBuildPhase section */

/* Begin PBXVariantGroup section */
		038014F31E1A125700C031BF /* Main.storyboard */ = {
			isa = PBXVariantGroup;
			children = (
				038014F41E1A125700C031BF /* Base */,
			);
			name = Main.storyboard;
			sourceTree = "<group>";
		};
		038014FB1E1A125700C031BF /* LaunchScreen.storyboard */ = {
			isa = PBXVariantGroup;
			children = (
				038014FC1E1A125700C031BF /* Base */,
			);
			name = LaunchScreen.storyboard;
			sourceTree = "<group>";
		};
/* End PBXVariantGroup section */

/* Begin XCBuildConfiguration section */
		038014FF1E1A125700C031BF /* Debug */ = {
			isa = XCBuildConfiguration;
			buildSettings = {
				ALWAYS_SEARCH_USER_PATHS = NO;
				CLANG_ANALYZER_NONNULL = YES;
				CLANG_CXX_LANGUAGE_STANDARD = "gnu++0x";
				CLANG_CXX_LIBRARY = "libc++";
				CLANG_ENABLE_MODULES = YES;
				CLANG_ENABLE_OBJC_ARC = YES;
				CLANG_WARN_BLOCK_CAPTURE_AUTORELEASING = YES;
				CLANG_WARN_BOOL_CONVERSION = YES;
				CLANG_WARN_COMMA = YES;
				CLANG_WARN_CONSTANT_CONVERSION = YES;
				CLANG_WARN_DEPRECATED_OBJC_IMPLEMENTATIONS = YES;
				CLANG_WARN_DIRECT_OBJC_ISA_USAGE = YES_ERROR;
				CLANG_WARN_DOCUMENTATION_COMMENTS = YES;
				CLANG_WARN_EMPTY_BODY = YES;
				CLANG_WARN_ENUM_CONVERSION = YES;
				CLANG_WARN_INFINITE_RECURSION = YES;
				CLANG_WARN_INT_CONVERSION = YES;
				CLANG_WARN_NON_LITERAL_NULL_CONVERSION = YES;
				CLANG_WARN_OBJC_IMPLICIT_RETAIN_SELF = YES;
				CLANG_WARN_OBJC_LITERAL_CONVERSION = YES;
				CLANG_WARN_OBJC_ROOT_CLASS = YES_ERROR;
				CLANG_WARN_QUOTED_INCLUDE_IN_FRAMEWORK_HEADER = YES;
				CLANG_WARN_RANGE_LOOP_ANALYSIS = YES;
				CLANG_WARN_STRICT_PROTOTYPES = YES;
				CLANG_WARN_SUSPICIOUS_MOVE = YES;
				CLANG_WARN_UNREACHABLE_CODE = YES;
				CLANG_WARN__DUPLICATE_METHOD_MATCH = YES;
				"CODE_SIGN_IDENTITY[sdk=iphoneos*]" = "iPhone Developer";
				COPY_PHASE_STRIP = NO;
				DEBUG_INFORMATION_FORMAT = dwarf;
				ENABLE_STRICT_OBJC_MSGSEND = YES;
				ENABLE_TESTABILITY = YES;
				ENABLE_USER_SCRIPT_SANDBOXING = YES;
				GCC_C_LANGUAGE_STANDARD = gnu99;
				GCC_DYNAMIC_NO_PIC = NO;
				GCC_NO_COMMON_BLOCKS = YES;
				GCC_OPTIMIZATION_LEVEL = 0;
				GCC_PREPROCESSOR_DEFINITIONS = (
					"DEBUG=1",
					"$(inherited)",
				);
				GCC_WARN_64_TO_32_BIT_CONVERSION = YES;
				GCC_WARN_ABOUT_RETURN_TYPE = YES_ERROR;
				GCC_WARN_UNDECLARED_SELECTOR = YES;
				GCC_WARN_UNINITIALIZED_AUTOS = YES_AGGRESSIVE;
				GCC_WARN_UNUSED_FUNCTION = YES;
				GCC_WARN_UNUSED_VARIABLE = YES;
				IPHONEOS_DEPLOYMENT_TARGET = 12.0;
				MTL_ENABLE_DEBUG_INFO = YES;
				ONLY_ACTIVE_ARCH = YES;
				SDKROOT = iphoneos;
				SWIFT_ACTIVE_COMPILATION_CONDITIONS = DEBUG;
				SWIFT_OPTIMIZATION_LEVEL = "-Onone";
				TARGETED_DEVICE_FAMILY = "1,2";
			};
			name = Debug;
		};
		038015001E1A125700C031BF /* Release */ = {
			isa = XCBuildConfiguration;
			buildSettings = {
				ALWAYS_SEARCH_USER_PATHS = NO;
				CLANG_ANALYZER_NONNULL = YES;
				CLANG_CXX_LANGUAGE_STANDARD = "gnu++0x";
				CLANG_CXX_LIBRARY = "libc++";
				CLANG_ENABLE_MODULES = YES;
				CLANG_ENABLE_OBJC_ARC = YES;
				CLANG_WARN_BLOCK_CAPTURE_AUTORELEASING = YES;
				CLANG_WARN_BOOL_CONVERSION = YES;
				CLANG_WARN_COMMA = YES;
				CLANG_WARN_CONSTANT_CONVERSION = YES;
				CLANG_WARN_DEPRECATED_OBJC_IMPLEMENTATIONS = YES;
				CLANG_WARN_DIRECT_OBJC_ISA_USAGE = YES_ERROR;
				CLANG_WARN_DOCUMENTATION_COMMENTS = YES;
				CLANG_WARN_EMPTY_BODY = YES;
				CLANG_WARN_ENUM_CONVERSION = YES;
				CLANG_WARN_INFINITE_RECURSION = YES;
				CLANG_WARN_INT_CONVERSION = YES;
				CLANG_WARN_NON_LITERAL_NULL_CONVERSION = YES;
				CLANG_WARN_OBJC_IMPLICIT_RETAIN_SELF = YES;
				CLANG_WARN_OBJC_LITERAL_CONVERSION = YES;
				CLANG_WARN_OBJC_ROOT_CLASS = YES_ERROR;
				CLANG_WARN_QUOTED_INCLUDE_IN_FRAMEWORK_HEADER = YES;
				CLANG_WARN_RANGE_LOOP_ANALYSIS = YES;
				CLANG_WARN_STRICT_PROTOTYPES = YES;
				CLANG_WARN_SUSPICIOUS_MOVE = YES;
				CLANG_WARN_UNREACHABLE_CODE = YES;
				CLANG_WARN__DUPLICATE_METHOD_MATCH = YES;
				"CODE_SIGN_IDENTITY[sdk=iphoneos*]" = "iPhone Developer";
				COPY_PHASE_STRIP = NO;
				DEBUG_INFORMATION_FORMAT = "dwarf-with-dsym";
				ENABLE_NS_ASSERTIONS = NO;
				ENABLE_STRICT_OBJC_MSGSEND = YES;
				ENABLE_USER_SCRIPT_SANDBOXING = YES;
				GCC_C_LANGUAGE_STANDARD = gnu99;
				GCC_NO_COMMON_BLOCKS = YES;
				GCC_WARN_64_TO_32_BIT_CONVERSION = YES;
				GCC_WARN_ABOUT_RETURN_TYPE = YES_ERROR;
				GCC_WARN_UNDECLARED_SELECTOR = YES;
				GCC_WARN_UNINITIALIZED_AUTOS = YES_AGGRESSIVE;
				GCC_WARN_UNUSED_FUNCTION = YES;
				GCC_WARN_UNUSED_VARIABLE = YES;
				IPHONEOS_DEPLOYMENT_TARGET = 12.0;
				MTL_ENABLE_DEBUG_INFO = NO;
				SDKROOT = iphoneos;
				SWIFT_COMPILATION_MODE = wholemodule;
				SWIFT_OPTIMIZATION_LEVEL = "-O";
				TARGETED_DEVICE_FAMILY = "1,2";
				VALIDATE_PRODUCT = YES;
			};
			name = Release;
		};
		038015021E1A125700C031BF /* Debug */ = {
			isa = XCBuildConfiguration;
			buildSettings = {
				ASSETCATALOG_COMPILER_APPICON_NAME = AppIcon;
				CODE_SIGN_IDENTITY = "iPhone Developer: Test User (33U964WMC5)";
				"CODE_SIGN_IDENTITY[sdk=iphoneos*]" = "iPhone Developer: Test User (33U964WMC5)";
				DEVELOPMENT_TEAM = 5GL3E4GW7P;
				INFOPLIST_FILE = KPLocationPicker/Info.plist;
				IPHONEOS_DEPLOYMENT_TARGET = 12.0;
				LD_RUNPATH_SEARCH_PATHS = (
					"$(inherited)",
					"@executable_path/Frameworks",
				);
				PRODUCT_BUNDLE_IDENTIFIER = com.KPLocationPicker;
				PRODUCT_NAME = "$(TARGET_NAME)";
				PROVISIONING_PROFILE = "8bd1da75-de1d-41c9-937a-05e9a7572738";
				PROVISIONING_PROFILE_SPECIFIER = "iPhone WiledCard";
				SWIFT_VERSION = 5.0;
			};
			name = Debug;
		};
		038015031E1A125700C031BF /* Release */ = {
			isa = XCBuildConfiguration;
			buildSettings = {
				ASSETCATALOG_COMPILER_APPICON_NAME = AppIcon;
				CODE_SIGN_IDENTITY = "iPhone Developer: Test User (33U964WMC5)";
				"CODE_SIGN_IDENTITY[sdk=iphoneos*]" = "iPhone Developer: Test User (33U964WMC5)";
				DEVELOPMENT_TEAM = 5GL3E4GW7P;
				INFOPLIST_FILE = KPLocationPicker/Info.plist;
				IPHONEOS_DEPLOYMENT_TARGET = 12.0;
				LD_RUNPATH_SEARCH_PATHS = (
					"$(inherited)",
					"@executable_path/Frameworks",
				);
				PRODUCT_BUNDLE_IDENTIFIER = com.KPLocationPicker;
				PRODUCT_NAME = "$(TARGET_NAME)";
				PROVISIONING_PROFILE = "8bd1da75-de1d-41c9-937a-05e9a7572738";
				PROVISIONING_PROFILE_SPECIFIER = "iPhone WiledCard";
				SWIFT_VERSION = 5.0;
			};
			name = Release;
		};
/* End XCBuildConfiguration section */

/* Begin XCConfigurationList section */
		038014E71E1A125700C031BF /* Build configuration list for PBXProject "KPLocationPicker" */ = {
			isa = XCConfigurationList;
			buildConfigurations = (
				038014FF1E1A125700C031BF /* Debug */,
				038015001E1A125700C031BF /* Release */,
			);
			defaultConfigurationIsVisible = 0;
			defaultConfigurationName = Release;
		};
		038015011E1A125700C031BF /* Build configuration list for PBXNativeTarget "KPLocationPicker" */ = {
			isa = XCConfigurationList;
			buildConfigurations = (
				038015021E1A125700C031BF /* Debug */,
				038015031E1A125700C031BF /* Release */,
			);
			defaultConfigurationIsVisible = 0;
			defaultConfigurationName = Release;
		};
/* End XCConfigurationList section */

/* Begin XCVersionGroup section */
		038014F61E1A125700C031BF /* KPLocationPicker.xcdatamodeld */ = {
			isa = XCVersionGroup;
			children = (
				038014F71E1A125700C031BF /* KPLocationPicker.xcdatamodel */,
			);
			currentVersion = 038014F71E1A125700C031BF /* KPLocationPicker.xcdatamodel */;
			path = KPLocationPicker.xcdatamodeld;
			sourceTree = "<group>";
			versionGroupType = wrapper.xcdatamodel;
		};
/* End XCVersionGroup section */
	};
	rootObject = 038014E41E1A125700C031BF /* Project object */;
}
